PODS:
  - FootlessParser (0.5.2)
  - SwiftSparql (0.15.0):
    - FootlessParser (~> 0.5)

DEPENDENCIES:
  - SwiftSparql (from `../`)

SPEC REPOS:
  trunk:
    - FootlessParser

EXTERNAL SOURCES:
  SwiftSparql:
    :path: "../"

SPEC CHECKSUMS:
  FootlessParser: 521916d592fa6cba06cfca6f4b5d4f5a2d49175a
  SwiftSparql: 329377685957ea469d90d9aa6df11a1d0c60a5fe

PODFILE CHECKSUM: 7910f3e490dc5d563bd043fce2ccc504fc56a246

COCOAPODS: 1.15.2
