{
  "object": {
    "pins": [
      {
        "package": "BrightFutures",
        "repositoryURL": "https://github.com/Thomvis/BrightFutures",
        "state": {
          "branch": null,
          "revision": "9279defa6bdc21501ce740266e5a14d0119ddc63",
          "version": "8.0.1"
        }
      },
      {
        "package": "FootlessParser",
        "repositoryURL": "https://github.com/kareman/FootlessParser",
        "state": {
          "branch": null,
          "revision": "11c7a366720a2cc62d13ee69c8bdb8372bb3bb2b",
          "version": "0.5.2"
        }
      },
      {
        "package": "ReactiveSwift",
        "repositoryURL": "https://github.com/ReactiveCocoa/ReactiveSwift",
        "state": {
          "branch": null,
          "revision": "3f4351d04115fd8797802d9b2d17b812cd761602",
          "version": "6.3.0"
        }
      }
    ]
  },
  "version": 1
}
